
Microsoft Visual Studio Solution File, Format Version 12.00
# Visual Studio 2013
Project("{8BC9CEB8-8B4A-11D0-8D11-00A0C91BC942}") = "Tutorials", "Intermediate\ProjectFiles\Tutorials.vcxproj", "{07C74EEA-2FFD-44B9-ACC5-281FCF808F6B}"
	ProjectSection(ProjectDependencies) = postProject
	EndProjectSection
EndProject
Global
	GlobalSection(SolutionConfigurationPlatforms) = preSolution
		DebugGame Editor|Windows = DebugGame Editor|Windows
		DebugGame|Windows = DebugGame|Windows
		Development Editor|Windows = Development Editor|Windows
		Development|Windows = Development|Windows
		Shipping|Windows = Shipping|Windows
	EndGlobalSection
	GlobalSection(ProjectConfigurationPlatforms) = postSolution
		{07C74EEA-2FFD-44B9-ACC5-281FCF808F6B}.DebugGame Editor|Windows.ActiveCfg = DebugGame_Editor|x64
		{07C74EEA-2FFD-44B9-ACC5-281FCF808F6B}.DebugGame Editor|Windows.Build.0 = DebugGame_Editor|x64
		{07C74EEA-2FFD-44B9-ACC5-281FCF808F6B}.DebugGame|Windows.ActiveCfg = DebugGame_RocketGame|x64
		{07C74EEA-2FFD-44B9-ACC5-281FCF808F6B}.DebugGame|Windows.Build.0 = DebugGame_RocketGame|x64
		{07C74EEA-2FFD-44B9-ACC5-281FCF808F6B}.Development Editor|Windows.ActiveCfg = Development_Editor|x64
		{07C74EEA-2FFD-44B9-ACC5-281FCF808F6B}.Development Editor|Windows.Build.0 = Development_Editor|x64
		{07C74EEA-2FFD-44B9-ACC5-281FCF808F6B}.Development|Windows.ActiveCfg = Development_RocketGame|x64
		{07C74EEA-2FFD-44B9-ACC5-281FCF808F6B}.Development|Windows.Build.0 = Development_RocketGame|x64
		{07C74EEA-2FFD-44B9-ACC5-281FCF808F6B}.Shipping|Windows.ActiveCfg = Shipping_RocketGame|Win32
		{07C74EEA-2FFD-44B9-ACC5-281FCF808F6B}.Shipping|Windows.Build.0 = Shipping_RocketGame|Win32
	EndGlobalSection
	GlobalSection(SolutionProperties) = preSolution
		HideSolutionNode = FALSE
	EndGlobalSection
	GlobalSection(NestedProjects) = preSolution
	EndGlobalSection
EndGlobal
